
Microsoft Visual Studio Solution File, Format Version 12.00
# Visual Studio 2015
Project("{FAE04EC0-301F-11D3-BF4B-00C04F79EFBC}") = "MessagePack.UnityClient.CSharp", "MessagePack.UnityClient.CSharp.csproj", "{B8E8DE62-7EE1-3DC0-516A-D11B17F6A570}"
EndProject
Global
	GlobalSection(SolutionConfigurationPlatforms) = preSolution
		Debug|Any CPU = Debug|Any CPU
		Release|Any CPU = Release|Any CPU
	EndGlobalSection
	GlobalSection(ProjectConfigurationPlatforms) = postSolution
		{B8E8DE62-7EE1-3DC0-516A-D11B17F6A570}.Debug|Any CPU.ActiveCfg = Debug|Any CPU
		{B8E8DE62-7EE1-3DC0-516A-D11B17F6A570}.Debug|Any CPU.Build.0 = Debug|Any CPU
		{B8E8DE62-7EE1-3DC0-516A-D11B17F6A570}.Release|Any CPU.ActiveCfg = Release|Any CPU
		{B8E8DE62-7EE1-3DC0-516A-D11B17F6A570}.Release|Any CPU.Build.0 = Release|Any CPU
	EndGlobalSection
	GlobalSection(SolutionProperties) = preSolution
		HideSolutionNode = FALSE
	EndGlobalSection
EndGlobal
