
Microsoft Visual Studio Solution File, Format Version 12.00
# Visual Studio Version 16
VisualStudioVersion = 16.0.29108.181
MinimumVisualStudioVersion = 10.0.40219.1
Project("{2150E333-8FDC-42A3-9474-1A3956D46DE8}") = "src", "src", "{86309CF6-0054-4CE3-BFD3-CA0AA7DB17BC}"
EndProject
Project("{9A19103F-16F7-4668-BE54-9A1E7A4F7556}") = "MessagePack", "src\MessagePack\MessagePack.csproj", "{7ABB33EE-A2F1-492B-8DAF-5DF89F0F0B79}"
EndProject
Project("{2150E333-8FDC-42A3-9474-1A3956D46DE8}") = "benchmark", "benchmark", "{51A614B0-E583-4DD2-AC7D-6A65634582E0}"
EndProject
Project("{9A19103F-16F7-4668-BE54-9A1E7A4F7556}") = "SerializerBenchmark", "benchmark\SerializerBenchmark\SerializerBenchmark.csproj", "{4142EA80-FEF4-44A5-8553-1AE84BEBAFED}"
EndProject
Global
	GlobalSection(SolutionConfigurationPlatforms) = preSolution
		Debug|Any CPU = Debug|Any CPU
		Debug|NoVSIX = Debug|NoVSIX
		Release|Any CPU = Release|Any CPU
		Release|NoVSIX = Release|NoVSIX
	EndGlobalSection
	GlobalSection(ProjectConfigurationPlatforms) = postSolution
		{7ABB33EE-A2F1-492B-8DAF-5DF89F0F0B79}.Debug|Any CPU.ActiveCfg = Debug|Any CPU
		{7ABB33EE-A2F1-492B-8DAF-5DF89F0F0B79}.Debug|Any CPU.Build.0 = Debug|Any CPU
		{7ABB33EE-A2F1-492B-8DAF-5DF89F0F0B79}.Debug|NoVSIX.ActiveCfg = Debug|Any CPU
		{7ABB33EE-A2F1-492B-8DAF-5DF89F0F0B79}.Debug|NoVSIX.Build.0 = Debug|Any CPU
		{7ABB33EE-A2F1-492B-8DAF-5DF89F0F0B79}.Release|Any CPU.ActiveCfg = Release|Any CPU
		{7ABB33EE-A2F1-492B-8DAF-5DF89F0F0B79}.Release|Any CPU.Build.0 = Release|Any CPU
		{7ABB33EE-A2F1-492B-8DAF-5DF89F0F0B79}.Release|NoVSIX.ActiveCfg = Release|Any CPU
		{7ABB33EE-A2F1-492B-8DAF-5DF89F0F0B79}.Release|NoVSIX.Build.0 = Release|Any CPU
		{4142EA80-FEF4-44A5-8553-1AE84BEBAFED}.Debug|Any CPU.ActiveCfg = Debug|Any CPU
		{4142EA80-FEF4-44A5-8553-1AE84BEBAFED}.Debug|Any CPU.Build.0 = Debug|Any CPU
		{4142EA80-FEF4-44A5-8553-1AE84BEBAFED}.Debug|NoVSIX.ActiveCfg = Debug|Any CPU
		{4142EA80-FEF4-44A5-8553-1AE84BEBAFED}.Debug|NoVSIX.Build.0 = Debug|Any CPU
		{4142EA80-FEF4-44A5-8553-1AE84BEBAFED}.Release|Any CPU.ActiveCfg = Release|Any CPU
		{4142EA80-FEF4-44A5-8553-1AE84BEBAFED}.Release|Any CPU.Build.0 = Release|Any CPU
		{4142EA80-FEF4-44A5-8553-1AE84BEBAFED}.Release|NoVSIX.ActiveCfg = Release|Any CPU
		{4142EA80-FEF4-44A5-8553-1AE84BEBAFED}.Release|NoVSIX.Build.0 = Release|Any CPU
	EndGlobalSection
	GlobalSection(SolutionProperties) = preSolution
		HideSolutionNode = FALSE
	EndGlobalSection
	GlobalSection(NestedProjects) = preSolution
		{7ABB33EE-A2F1-492B-8DAF-5DF89F0F0B79} = {86309CF6-0054-4CE3-BFD3-CA0AA7DB17BC}
		{4142EA80-FEF4-44A5-8553-1AE84BEBAFED} = {51A614B0-E583-4DD2-AC7D-6A65634582E0}
	EndGlobalSection
	GlobalSection(ExtensibilityGlobals) = postSolution
		SolutionGuid = {B3911209-2DBF-47F8-98F6-BBC0EDFE63DE}
	EndGlobalSection
EndGlobal
