
Microsoft Visual Studio Solution File, Format Version 12.00
# Visual Studio 15
VisualStudioVersion = 15.0.26228.12
MinimumVisualStudioVersion = 10.0.40219.1
Project("{2150E333-8FDC-42A3-9474-1A3956D46DE8}") = "src", "src", "{86309CF6-0054-4CE3-BFD3-CA0AA7DB17BC}"
EndProject
Project("{9A19103F-16F7-4668-BE54-9A1E7A4F7556}") = "MessagePack", "src\MessagePack\MessagePack.csproj", "{7ABB33EE-A2F1-492B-8DAF-5DF89F0F0B79}"
EndProject
Project("{2150E333-8FDC-42A3-9474-1A3956D46DE8}") = "tests", "tests", "{19FE674A-AC94-4E7E-B24C-2285D1D04CDE}"
EndProject
Project("{FAE04EC0-301F-11D3-BF4B-00C04F79EFBC}") = "MessagePack.Tests", "tests\MessagePack.Tests\MessagePack.Tests.csproj", "{9E1A55CA-711D-4F58-A332-735960E3434C}"
EndProject
Project("{2150E333-8FDC-42A3-9474-1A3956D46DE8}") = "docs", "docs", "{344DC89D-8761-4552-A70A-B34DC19F39C4}"
	ProjectSection(SolutionItems) = preProject
		.gitignore = .gitignore
		LICENSE = LICENSE
		make_unity_symlink.bat = make_unity_symlink.bat
		nuget\MessagePack.AspNetCoreMvcFormatter.nuspec = nuget\MessagePack.AspNetCoreMvcFormatter.nuspec
		nuget\MessagePack.ImmutableCollection.nuspec = nuget\MessagePack.ImmutableCollection.nuspec
		nuget\MessagePack.nuspec = nuget\MessagePack.nuspec
		nuget\MessagePack.ReactiveProperty.nuspec = nuget\MessagePack.ReactiveProperty.nuspec
		nuget\MessagePack.UnityShims.nuspec = nuget\MessagePack.UnityShims.nuspec
		nuget\MessagePackAnalyzer.nuspec = nuget\MessagePackAnalyzer.nuspec
		nuget\pack.bat = nuget\pack.bat
		nuget\push.bat = nuget\push.bat
		README.md = README.md
	EndProjectSection
EndProject
Project("{2150E333-8FDC-42A3-9474-1A3956D46DE8}") = "sandbox", "sandbox", "{BF4C4202-5015-4FBD-80E6-D0F36A06F700}"
EndProject
Project("{FAE04EC0-301F-11D3-BF4B-00C04F79EFBC}") = "Sandbox", "sandbox\Sandbox\Sandbox.csproj", "{ED43BDA5-947C-4769-A47A-F07D3C6142AE}"
EndProject
Project("{FAE04EC0-301F-11D3-BF4B-00C04F79EFBC}") = "MessagePack.CodeGenerator", "src\MessagePack.CodeGenerator\MessagePack.CodeGenerator.csproj", "{D8B195AC-9E93-438E-8331-EF3A1F613D0B}"
EndProject
Project("{FAE04EC0-301F-11D3-BF4B-00C04F79EFBC}") = "DynamicCodeDumper", "sandbox\DynamicCodeDumper\DynamicCodeDumper.csproj", "{8E511130-F838-4B47-842B-0FB27AD175B5}"
EndProject
Project("{FAE04EC0-301F-11D3-BF4B-00C04F79EFBC}") = "SharedData", "sandbox\SharedData\SharedData.csproj", "{3ABC5C4C-2CE4-459E-8666-F2B181C3DEF3}"
EndProject
Project("{FAE04EC0-301F-11D3-BF4B-00C04F79EFBC}") = "MessagePack.UnityShims", "src\MessagePack.UnityShims\MessagePack.UnityShims.csproj", "{C01E1407-7FEC-4C1D-B0B4-74D95A317AA6}"
EndProject
Project("{FAE04EC0-301F-11D3-BF4B-00C04F79EFBC}") = "MessagePack.ReactiveProperty", "src\MessagePack.ReactiveProperty\MessagePack.ReactiveProperty.csproj", "{166A16C0-B89F-41AF-956A-235C6CA62C25}"
EndProject
Project("{9A19103F-16F7-4668-BE54-9A1E7A4F7556}") = "MessagePack.ImmutableCollection", "src\MessagePack.ImmutableCollection\MessagePack.ImmutableCollection.csproj", "{E066F547-7261-4561-AEFC-E64DBFD874F8}"
EndProject
Project("{FAE04EC0-301F-11D3-BF4B-00C04F79EFBC}") = "MessagePackAnalyzer", "src\MessagePackAnalyzer\MessagePackAnalyzer.csproj", "{2F9A6E0C-DE95-4460-96B7-EB72BBEAEE9E}"
EndProject
Project("{FAE04EC0-301F-11D3-BF4B-00C04F79EFBC}") = "MessagePackAnalyzer.Vsix", "src\MessagePackAnalyzer.Vsix\MessagePackAnalyzer.Vsix.csproj", "{09B87BEB-D9A3-4EEB-B56A-ED53D27DF1A3}"
EndProject
Project("{FAE04EC0-301F-11D3-BF4B-00C04F79EFBC}") = "PertNetFramework", "sandbox\PertNetFramework\PertNetFramework.csproj", "{014A3DCE-50A6-4774-A4C1-C66EEAB67133}"
EndProject
Project("{FAE04EC0-301F-11D3-BF4B-00C04F79EFBC}") = "MessagePack.AspNetCoreMvcFormatter", "src\MessagePack.AspNetCoreMvcFormatter\MessagePack.AspNetCoreMvcFormatter.csproj", "{17831017-C29C-4A48-B159-849BCE5079FB}"
EndProject
Project("{FAE04EC0-301F-11D3-BF4B-00C04F79EFBC}") = "PerfBenchmarkDotNet", "sandbox\PerfBenchmarkDotNet\PerfBenchmarkDotNet.csproj", "{814F94D6-1413-4ACB-B1B5-A3488CAA1E6B}"
EndProject
Project("{FAE04EC0-301F-11D3-BF4B-00C04F79EFBC}") = "TestData2", "sandbox\TestData2\TestData2.csproj", "{2A32A538-BA26-4D89-85D0-E4249AFA0837}"
EndProject
Global
	GlobalSection(SolutionConfigurationPlatforms) = preSolution
		Debug|Any CPU = Debug|Any CPU
		Debug|x64 = Debug|x64
		Debug|x86 = Debug|x86
		Release|Any CPU = Release|Any CPU
		Release|x64 = Release|x64
		Release|x86 = Release|x86
	EndGlobalSection
	GlobalSection(ProjectConfigurationPlatforms) = postSolution
		{7ABB33EE-A2F1-492B-8DAF-5DF89F0F0B79}.Debug|Any CPU.ActiveCfg = Debug|Any CPU
		{7ABB33EE-A2F1-492B-8DAF-5DF89F0F0B79}.Debug|Any CPU.Build.0 = Debug|Any CPU
		{7ABB33EE-A2F1-492B-8DAF-5DF89F0F0B79}.Debug|x64.ActiveCfg = Debug|Any CPU
		{7ABB33EE-A2F1-492B-8DAF-5DF89F0F0B79}.Debug|x64.Build.0 = Debug|Any CPU
		{7ABB33EE-A2F1-492B-8DAF-5DF89F0F0B79}.Debug|x86.ActiveCfg = Debug|Any CPU
		{7ABB33EE-A2F1-492B-8DAF-5DF89F0F0B79}.Debug|x86.Build.0 = Debug|Any CPU
		{7ABB33EE-A2F1-492B-8DAF-5DF89F0F0B79}.Release|Any CPU.ActiveCfg = Release|Any CPU
		{7ABB33EE-A2F1-492B-8DAF-5DF89F0F0B79}.Release|Any CPU.Build.0 = Release|Any CPU
		{7ABB33EE-A2F1-492B-8DAF-5DF89F0F0B79}.Release|x64.ActiveCfg = Release|Any CPU
		{7ABB33EE-A2F1-492B-8DAF-5DF89F0F0B79}.Release|x64.Build.0 = Release|Any CPU
		{7ABB33EE-A2F1-492B-8DAF-5DF89F0F0B79}.Release|x86.ActiveCfg = Release|Any CPU
		{7ABB33EE-A2F1-492B-8DAF-5DF89F0F0B79}.Release|x86.Build.0 = Release|Any CPU
		{9E1A55CA-711D-4F58-A332-735960E3434C}.Debug|Any CPU.ActiveCfg = Debug|Any CPU
		{9E1A55CA-711D-4F58-A332-735960E3434C}.Debug|Any CPU.Build.0 = Debug|Any CPU
		{9E1A55CA-711D-4F58-A332-735960E3434C}.Debug|x64.ActiveCfg = Debug|Any CPU
		{9E1A55CA-711D-4F58-A332-735960E3434C}.Debug|x64.Build.0 = Debug|Any CPU
		{9E1A55CA-711D-4F58-A332-735960E3434C}.Debug|x86.ActiveCfg = Debug|Any CPU
		{9E1A55CA-711D-4F58-A332-735960E3434C}.Debug|x86.Build.0 = Debug|Any CPU
		{9E1A55CA-711D-4F58-A332-735960E3434C}.Release|Any CPU.ActiveCfg = Release|Any CPU
		{9E1A55CA-711D-4F58-A332-735960E3434C}.Release|Any CPU.Build.0 = Release|Any CPU
		{9E1A55CA-711D-4F58-A332-735960E3434C}.Release|x64.ActiveCfg = Release|Any CPU
		{9E1A55CA-711D-4F58-A332-735960E3434C}.Release|x64.Build.0 = Release|Any CPU
		{9E1A55CA-711D-4F58-A332-735960E3434C}.Release|x86.ActiveCfg = Release|Any CPU
		{9E1A55CA-711D-4F58-A332-735960E3434C}.Release|x86.Build.0 = Release|Any CPU
		{ED43BDA5-947C-4769-A47A-F07D3C6142AE}.Debug|Any CPU.ActiveCfg = Debug|Any CPU
		{ED43BDA5-947C-4769-A47A-F07D3C6142AE}.Debug|Any CPU.Build.0 = Debug|Any CPU
		{ED43BDA5-947C-4769-A47A-F07D3C6142AE}.Debug|x64.ActiveCfg = Debug|Any CPU
		{ED43BDA5-947C-4769-A47A-F07D3C6142AE}.Debug|x64.Build.0 = Debug|Any CPU
		{ED43BDA5-947C-4769-A47A-F07D3C6142AE}.Debug|x86.ActiveCfg = Debug|Any CPU
		{ED43BDA5-947C-4769-A47A-F07D3C6142AE}.Debug|x86.Build.0 = Debug|Any CPU
		{ED43BDA5-947C-4769-A47A-F07D3C6142AE}.Release|Any CPU.ActiveCfg = Release|Any CPU
		{ED43BDA5-947C-4769-A47A-F07D3C6142AE}.Release|Any CPU.Build.0 = Release|Any CPU
		{ED43BDA5-947C-4769-A47A-F07D3C6142AE}.Release|x64.ActiveCfg = Release|Any CPU
		{ED43BDA5-947C-4769-A47A-F07D3C6142AE}.Release|x64.Build.0 = Release|Any CPU
		{ED43BDA5-947C-4769-A47A-F07D3C6142AE}.Release|x86.ActiveCfg = Release|Any CPU
		{ED43BDA5-947C-4769-A47A-F07D3C6142AE}.Release|x86.Build.0 = Release|Any CPU
		{D8B195AC-9E93-438E-8331-EF3A1F613D0B}.Debug|Any CPU.ActiveCfg = Debug|Any CPU
		{D8B195AC-9E93-438E-8331-EF3A1F613D0B}.Debug|Any CPU.Build.0 = Debug|Any CPU
		{D8B195AC-9E93-438E-8331-EF3A1F613D0B}.Debug|x64.ActiveCfg = Debug|Any CPU
		{D8B195AC-9E93-438E-8331-EF3A1F613D0B}.Debug|x64.Build.0 = Debug|Any CPU
		{D8B195AC-9E93-438E-8331-EF3A1F613D0B}.Debug|x86.ActiveCfg = Debug|Any CPU
		{D8B195AC-9E93-438E-8331-EF3A1F613D0B}.Debug|x86.Build.0 = Debug|Any CPU
		{D8B195AC-9E93-438E-8331-EF3A1F613D0B}.Release|Any CPU.ActiveCfg = Release|Any CPU
		{D8B195AC-9E93-438E-8331-EF3A1F613D0B}.Release|Any CPU.Build.0 = Release|Any CPU
		{D8B195AC-9E93-438E-8331-EF3A1F613D0B}.Release|x64.ActiveCfg = Release|Any CPU
		{D8B195AC-9E93-438E-8331-EF3A1F613D0B}.Release|x64.Build.0 = Release|Any CPU
		{D8B195AC-9E93-438E-8331-EF3A1F613D0B}.Release|x86.ActiveCfg = Release|Any CPU
		{D8B195AC-9E93-438E-8331-EF3A1F613D0B}.Release|x86.Build.0 = Release|Any CPU
		{8E511130-F838-4B47-842B-0FB27AD175B5}.Debug|Any CPU.ActiveCfg = Debug|Any CPU
		{8E511130-F838-4B47-842B-0FB27AD175B5}.Debug|Any CPU.Build.0 = Debug|Any CPU
		{8E511130-F838-4B47-842B-0FB27AD175B5}.Debug|x64.ActiveCfg = Debug|Any CPU
		{8E511130-F838-4B47-842B-0FB27AD175B5}.Debug|x64.Build.0 = Debug|Any CPU
		{8E511130-F838-4B47-842B-0FB27AD175B5}.Debug|x86.ActiveCfg = Debug|Any CPU
		{8E511130-F838-4B47-842B-0FB27AD175B5}.Debug|x86.Build.0 = Debug|Any CPU
		{8E511130-F838-4B47-842B-0FB27AD175B5}.Release|Any CPU.ActiveCfg = Release|Any CPU
		{8E511130-F838-4B47-842B-0FB27AD175B5}.Release|Any CPU.Build.0 = Release|Any CPU
		{8E511130-F838-4B47-842B-0FB27AD175B5}.Release|x64.ActiveCfg = Release|Any CPU
		{8E511130-F838-4B47-842B-0FB27AD175B5}.Release|x64.Build.0 = Release|Any CPU
		{8E511130-F838-4B47-842B-0FB27AD175B5}.Release|x86.ActiveCfg = Release|Any CPU
		{8E511130-F838-4B47-842B-0FB27AD175B5}.Release|x86.Build.0 = Release|Any CPU
		{3ABC5C4C-2CE4-459E-8666-F2B181C3DEF3}.Debug|Any CPU.ActiveCfg = Debug|Any CPU
		{3ABC5C4C-2CE4-459E-8666-F2B181C3DEF3}.Debug|Any CPU.Build.0 = Debug|Any CPU
		{3ABC5C4C-2CE4-459E-8666-F2B181C3DEF3}.Debug|x64.ActiveCfg = Debug|Any CPU
		{3ABC5C4C-2CE4-459E-8666-F2B181C3DEF3}.Debug|x64.Build.0 = Debug|Any CPU
		{3ABC5C4C-2CE4-459E-8666-F2B181C3DEF3}.Debug|x86.ActiveCfg = Debug|Any CPU
		{3ABC5C4C-2CE4-459E-8666-F2B181C3DEF3}.Debug|x86.Build.0 = Debug|Any CPU
		{3ABC5C4C-2CE4-459E-8666-F2B181C3DEF3}.Release|Any CPU.ActiveCfg = Release|Any CPU
		{3ABC5C4C-2CE4-459E-8666-F2B181C3DEF3}.Release|Any CPU.Build.0 = Release|Any CPU
		{3ABC5C4C-2CE4-459E-8666-F2B181C3DEF3}.Release|x64.ActiveCfg = Release|Any CPU
		{3ABC5C4C-2CE4-459E-8666-F2B181C3DEF3}.Release|x64.Build.0 = Release|Any CPU
		{3ABC5C4C-2CE4-459E-8666-F2B181C3DEF3}.Release|x86.ActiveCfg = Release|Any CPU
		{3ABC5C4C-2CE4-459E-8666-F2B181C3DEF3}.Release|x86.Build.0 = Release|Any CPU
		{C01E1407-7FEC-4C1D-B0B4-74D95A317AA6}.Debug|Any CPU.ActiveCfg = Debug|Any CPU
		{C01E1407-7FEC-4C1D-B0B4-74D95A317AA6}.Debug|Any CPU.Build.0 = Debug|Any CPU
		{C01E1407-7FEC-4C1D-B0B4-74D95A317AA6}.Debug|x64.ActiveCfg = Debug|Any CPU
		{C01E1407-7FEC-4C1D-B0B4-74D95A317AA6}.Debug|x64.Build.0 = Debug|Any CPU
		{C01E1407-7FEC-4C1D-B0B4-74D95A317AA6}.Debug|x86.ActiveCfg = Debug|Any CPU
		{C01E1407-7FEC-4C1D-B0B4-74D95A317AA6}.Debug|x86.Build.0 = Debug|Any CPU
		{C01E1407-7FEC-4C1D-B0B4-74D95A317AA6}.Release|Any CPU.ActiveCfg = Release|Any CPU
		{C01E1407-7FEC-4C1D-B0B4-74D95A317AA6}.Release|Any CPU.Build.0 = Release|Any CPU
		{C01E1407-7FEC-4C1D-B0B4-74D95A317AA6}.Release|x64.ActiveCfg = Release|Any CPU
		{C01E1407-7FEC-4C1D-B0B4-74D95A317AA6}.Release|x64.Build.0 = Release|Any CPU
		{C01E1407-7FEC-4C1D-B0B4-74D95A317AA6}.Release|x86.ActiveCfg = Release|Any CPU
		{C01E1407-7FEC-4C1D-B0B4-74D95A317AA6}.Release|x86.Build.0 = Release|Any CPU
		{166A16C0-B89F-41AF-956A-235C6CA62C25}.Debug|Any CPU.ActiveCfg = Debug|Any CPU
		{166A16C0-B89F-41AF-956A-235C6CA62C25}.Debug|Any CPU.Build.0 = Debug|Any CPU
		{166A16C0-B89F-41AF-956A-235C6CA62C25}.Debug|x64.ActiveCfg = Debug|Any CPU
		{166A16C0-B89F-41AF-956A-235C6CA62C25}.Debug|x64.Build.0 = Debug|Any CPU
		{166A16C0-B89F-41AF-956A-235C6CA62C25}.Debug|x86.ActiveCfg = Debug|Any CPU
		{166A16C0-B89F-41AF-956A-235C6CA62C25}.Debug|x86.Build.0 = Debug|Any CPU
		{166A16C0-B89F-41AF-956A-235C6CA62C25}.Release|Any CPU.ActiveCfg = Release|Any CPU
		{166A16C0-B89F-41AF-956A-235C6CA62C25}.Release|Any CPU.Build.0 = Release|Any CPU
		{166A16C0-B89F-41AF-956A-235C6CA62C25}.Release|x64.ActiveCfg = Release|Any CPU
		{166A16C0-B89F-41AF-956A-235C6CA62C25}.Release|x64.Build.0 = Release|Any CPU
		{166A16C0-B89F-41AF-956A-235C6CA62C25}.Release|x86.ActiveCfg = Release|Any CPU
		{166A16C0-B89F-41AF-956A-235C6CA62C25}.Release|x86.Build.0 = Release|Any CPU
		{E066F547-7261-4561-AEFC-E64DBFD874F8}.Debug|Any CPU.ActiveCfg = Debug|Any CPU
		{E066F547-7261-4561-AEFC-E64DBFD874F8}.Debug|Any CPU.Build.0 = Debug|Any CPU
		{E066F547-7261-4561-AEFC-E64DBFD874F8}.Debug|x64.ActiveCfg = Debug|Any CPU
		{E066F547-7261-4561-AEFC-E64DBFD874F8}.Debug|x64.Build.0 = Debug|Any CPU
		{E066F547-7261-4561-AEFC-E64DBFD874F8}.Debug|x86.ActiveCfg = Debug|Any CPU
		{E066F547-7261-4561-AEFC-E64DBFD874F8}.Debug|x86.Build.0 = Debug|Any CPU
		{E066F547-7261-4561-AEFC-E64DBFD874F8}.Release|Any CPU.ActiveCfg = Release|Any CPU
		{E066F547-7261-4561-AEFC-E64DBFD874F8}.Release|Any CPU.Build.0 = Release|Any CPU
		{E066F547-7261-4561-AEFC-E64DBFD874F8}.Release|x64.ActiveCfg = Release|Any CPU
		{E066F547-7261-4561-AEFC-E64DBFD874F8}.Release|x64.Build.0 = Release|Any CPU
		{E066F547-7261-4561-AEFC-E64DBFD874F8}.Release|x86.ActiveCfg = Release|Any CPU
		{E066F547-7261-4561-AEFC-E64DBFD874F8}.Release|x86.Build.0 = Release|Any CPU
		{2F9A6E0C-DE95-4460-96B7-EB72BBEAEE9E}.Debug|Any CPU.ActiveCfg = Debug|Any CPU
		{2F9A6E0C-DE95-4460-96B7-EB72BBEAEE9E}.Debug|Any CPU.Build.0 = Debug|Any CPU
		{2F9A6E0C-DE95-4460-96B7-EB72BBEAEE9E}.Debug|x64.ActiveCfg = Debug|Any CPU
		{2F9A6E0C-DE95-4460-96B7-EB72BBEAEE9E}.Debug|x64.Build.0 = Debug|Any CPU
		{2F9A6E0C-DE95-4460-96B7-EB72BBEAEE9E}.Debug|x86.ActiveCfg = Debug|Any CPU
		{2F9A6E0C-DE95-4460-96B7-EB72BBEAEE9E}.Debug|x86.Build.0 = Debug|Any CPU
		{2F9A6E0C-DE95-4460-96B7-EB72BBEAEE9E}.Release|Any CPU.ActiveCfg = Release|Any CPU
		{2F9A6E0C-DE95-4460-96B7-EB72BBEAEE9E}.Release|Any CPU.Build.0 = Release|Any CPU
		{2F9A6E0C-DE95-4460-96B7-EB72BBEAEE9E}.Release|x64.ActiveCfg = Release|Any CPU
		{2F9A6E0C-DE95-4460-96B7-EB72BBEAEE9E}.Release|x64.Build.0 = Release|Any CPU
		{2F9A6E0C-DE95-4460-96B7-EB72BBEAEE9E}.Release|x86.ActiveCfg = Release|Any CPU
		{2F9A6E0C-DE95-4460-96B7-EB72BBEAEE9E}.Release|x86.Build.0 = Release|Any CPU
		{09B87BEB-D9A3-4EEB-B56A-ED53D27DF1A3}.Debug|Any CPU.ActiveCfg = Debug|Any CPU
		{09B87BEB-D9A3-4EEB-B56A-ED53D27DF1A3}.Debug|Any CPU.Build.0 = Debug|Any CPU
		{09B87BEB-D9A3-4EEB-B56A-ED53D27DF1A3}.Debug|x64.ActiveCfg = Debug|Any CPU
		{09B87BEB-D9A3-4EEB-B56A-ED53D27DF1A3}.Debug|x64.Build.0 = Debug|Any CPU
		{09B87BEB-D9A3-4EEB-B56A-ED53D27DF1A3}.Debug|x86.ActiveCfg = Debug|Any CPU
		{09B87BEB-D9A3-4EEB-B56A-ED53D27DF1A3}.Debug|x86.Build.0 = Debug|Any CPU
		{09B87BEB-D9A3-4EEB-B56A-ED53D27DF1A3}.Release|Any CPU.ActiveCfg = Release|Any CPU
		{09B87BEB-D9A3-4EEB-B56A-ED53D27DF1A3}.Release|Any CPU.Build.0 = Release|Any CPU
		{09B87BEB-D9A3-4EEB-B56A-ED53D27DF1A3}.Release|x64.ActiveCfg = Release|Any CPU
		{09B87BEB-D9A3-4EEB-B56A-ED53D27DF1A3}.Release|x64.Build.0 = Release|Any CPU
		{09B87BEB-D9A3-4EEB-B56A-ED53D27DF1A3}.Release|x86.ActiveCfg = Release|Any CPU
		{09B87BEB-D9A3-4EEB-B56A-ED53D27DF1A3}.Release|x86.Build.0 = Release|Any CPU
		{014A3DCE-50A6-4774-A4C1-C66EEAB67133}.Debug|Any CPU.ActiveCfg = Debug|Any CPU
		{014A3DCE-50A6-4774-A4C1-C66EEAB67133}.Debug|Any CPU.Build.0 = Debug|Any CPU
		{014A3DCE-50A6-4774-A4C1-C66EEAB67133}.Debug|x64.ActiveCfg = Debug|Any CPU
		{014A3DCE-50A6-4774-A4C1-C66EEAB67133}.Debug|x64.Build.0 = Debug|Any CPU
		{014A3DCE-50A6-4774-A4C1-C66EEAB67133}.Debug|x86.ActiveCfg = Debug|Any CPU
		{014A3DCE-50A6-4774-A4C1-C66EEAB67133}.Debug|x86.Build.0 = Debug|Any CPU
		{014A3DCE-50A6-4774-A4C1-C66EEAB67133}.Release|Any CPU.ActiveCfg = Release|Any CPU
		{014A3DCE-50A6-4774-A4C1-C66EEAB67133}.Release|Any CPU.Build.0 = Release|Any CPU
		{014A3DCE-50A6-4774-A4C1-C66EEAB67133}.Release|x64.ActiveCfg = Release|Any CPU
		{014A3DCE-50A6-4774-A4C1-C66EEAB67133}.Release|x64.Build.0 = Release|Any CPU
		{014A3DCE-50A6-4774-A4C1-C66EEAB67133}.Release|x86.ActiveCfg = Release|Any CPU
		{014A3DCE-50A6-4774-A4C1-C66EEAB67133}.Release|x86.Build.0 = Release|Any CPU
		{17831017-C29C-4A48-B159-849BCE5079FB}.Debug|Any CPU.ActiveCfg = Debug|Any CPU
		{17831017-C29C-4A48-B159-849BCE5079FB}.Debug|Any CPU.Build.0 = Debug|Any CPU
		{17831017-C29C-4A48-B159-849BCE5079FB}.Debug|x64.ActiveCfg = Debug|Any CPU
		{17831017-C29C-4A48-B159-849BCE5079FB}.Debug|x64.Build.0 = Debug|Any CPU
		{17831017-C29C-4A48-B159-849BCE5079FB}.Debug|x86.ActiveCfg = Debug|Any CPU
		{17831017-C29C-4A48-B159-849BCE5079FB}.Debug|x86.Build.0 = Debug|Any CPU
		{17831017-C29C-4A48-B159-849BCE5079FB}.Release|Any CPU.ActiveCfg = Release|Any CPU
		{17831017-C29C-4A48-B159-849BCE5079FB}.Release|Any CPU.Build.0 = Release|Any CPU
		{17831017-C29C-4A48-B159-849BCE5079FB}.Release|x64.ActiveCfg = Release|Any CPU
		{17831017-C29C-4A48-B159-849BCE5079FB}.Release|x64.Build.0 = Release|Any CPU
		{17831017-C29C-4A48-B159-849BCE5079FB}.Release|x86.ActiveCfg = Release|Any CPU
		{17831017-C29C-4A48-B159-849BCE5079FB}.Release|x86.Build.0 = Release|Any CPU
		{814F94D6-1413-4ACB-B1B5-A3488CAA1E6B}.Debug|Any CPU.ActiveCfg = Debug|Any CPU
		{814F94D6-1413-4ACB-B1B5-A3488CAA1E6B}.Debug|Any CPU.Build.0 = Debug|Any CPU
		{814F94D6-1413-4ACB-B1B5-A3488CAA1E6B}.Debug|x64.ActiveCfg = Debug|Any CPU
		{814F94D6-1413-4ACB-B1B5-A3488CAA1E6B}.Debug|x64.Build.0 = Debug|Any CPU
		{814F94D6-1413-4ACB-B1B5-A3488CAA1E6B}.Debug|x86.ActiveCfg = Debug|Any CPU
		{814F94D6-1413-4ACB-B1B5-A3488CAA1E6B}.Debug|x86.Build.0 = Debug|Any CPU
		{814F94D6-1413-4ACB-B1B5-A3488CAA1E6B}.Release|Any CPU.ActiveCfg = Release|Any CPU
		{814F94D6-1413-4ACB-B1B5-A3488CAA1E6B}.Release|Any CPU.Build.0 = Release|Any CPU
		{814F94D6-1413-4ACB-B1B5-A3488CAA1E6B}.Release|x64.ActiveCfg = Release|Any CPU
		{814F94D6-1413-4ACB-B1B5-A3488CAA1E6B}.Release|x64.Build.0 = Release|Any CPU
		{814F94D6-1413-4ACB-B1B5-A3488CAA1E6B}.Release|x86.ActiveCfg = Release|Any CPU
		{814F94D6-1413-4ACB-B1B5-A3488CAA1E6B}.Release|x86.Build.0 = Release|Any CPU
		{2A32A538-BA26-4D89-85D0-E4249AFA0837}.Debug|Any CPU.ActiveCfg = Debug|Any CPU
		{2A32A538-BA26-4D89-85D0-E4249AFA0837}.Debug|Any CPU.Build.0 = Debug|Any CPU
		{2A32A538-BA26-4D89-85D0-E4249AFA0837}.Debug|x64.ActiveCfg = Debug|Any CPU
		{2A32A538-BA26-4D89-85D0-E4249AFA0837}.Debug|x64.Build.0 = Debug|Any CPU
		{2A32A538-BA26-4D89-85D0-E4249AFA0837}.Debug|x86.ActiveCfg = Debug|Any CPU
		{2A32A538-BA26-4D89-85D0-E4249AFA0837}.Debug|x86.Build.0 = Debug|Any CPU
		{2A32A538-BA26-4D89-85D0-E4249AFA0837}.Release|Any CPU.ActiveCfg = Release|Any CPU
		{2A32A538-BA26-4D89-85D0-E4249AFA0837}.Release|Any CPU.Build.0 = Release|Any CPU
		{2A32A538-BA26-4D89-85D0-E4249AFA0837}.Release|x64.ActiveCfg = Release|Any CPU
		{2A32A538-BA26-4D89-85D0-E4249AFA0837}.Release|x64.Build.0 = Release|Any CPU
		{2A32A538-BA26-4D89-85D0-E4249AFA0837}.Release|x86.ActiveCfg = Release|Any CPU
		{2A32A538-BA26-4D89-85D0-E4249AFA0837}.Release|x86.Build.0 = Release|Any CPU
	EndGlobalSection
	GlobalSection(SolutionProperties) = preSolution
		HideSolutionNode = FALSE
	EndGlobalSection
	GlobalSection(NestedProjects) = preSolution
		{7ABB33EE-A2F1-492B-8DAF-5DF89F0F0B79} = {86309CF6-0054-4CE3-BFD3-CA0AA7DB17BC}
		{9E1A55CA-711D-4F58-A332-735960E3434C} = {19FE674A-AC94-4E7E-B24C-2285D1D04CDE}
		{ED43BDA5-947C-4769-A47A-F07D3C6142AE} = {BF4C4202-5015-4FBD-80E6-D0F36A06F700}
		{D8B195AC-9E93-438E-8331-EF3A1F613D0B} = {86309CF6-0054-4CE3-BFD3-CA0AA7DB17BC}
		{8E511130-F838-4B47-842B-0FB27AD175B5} = {BF4C4202-5015-4FBD-80E6-D0F36A06F700}
		{3ABC5C4C-2CE4-459E-8666-F2B181C3DEF3} = {BF4C4202-5015-4FBD-80E6-D0F36A06F700}
		{C01E1407-7FEC-4C1D-B0B4-74D95A317AA6} = {86309CF6-0054-4CE3-BFD3-CA0AA7DB17BC}
		{166A16C0-B89F-41AF-956A-235C6CA62C25} = {86309CF6-0054-4CE3-BFD3-CA0AA7DB17BC}
		{E066F547-7261-4561-AEFC-E64DBFD874F8} = {86309CF6-0054-4CE3-BFD3-CA0AA7DB17BC}
		{2F9A6E0C-DE95-4460-96B7-EB72BBEAEE9E} = {86309CF6-0054-4CE3-BFD3-CA0AA7DB17BC}
		{09B87BEB-D9A3-4EEB-B56A-ED53D27DF1A3} = {86309CF6-0054-4CE3-BFD3-CA0AA7DB17BC}
		{014A3DCE-50A6-4774-A4C1-C66EEAB67133} = {BF4C4202-5015-4FBD-80E6-D0F36A06F700}
		{17831017-C29C-4A48-B159-849BCE5079FB} = {86309CF6-0054-4CE3-BFD3-CA0AA7DB17BC}
		{814F94D6-1413-4ACB-B1B5-A3488CAA1E6B} = {BF4C4202-5015-4FBD-80E6-D0F36A06F700}
		{2A32A538-BA26-4D89-85D0-E4249AFA0837} = {BF4C4202-5015-4FBD-80E6-D0F36A06F700}
	EndGlobalSection
EndGlobal
