
Microsoft Visual Studio Solution File, Format Version 12.00
# Visual Studio Version 16
VisualStudioVersion = 16.0.29108.181
MinimumVisualStudioVersion = 10.0.40219.1
Project("{2150E333-8FDC-42A3-9474-1A3956D46DE8}") = "src", "src", "{86309CF6-0054-4CE3-BFD3-CA0AA7DB17BC}"
EndProject
Project("{9A19103F-16F7-4668-BE54-9A1E7A4F7556}") = "MessagePack", "src\MessagePack\MessagePack.csproj", "{7ABB33EE-A2F1-492B-8DAF-5DF89F0F0B79}"
EndProject
Project("{2150E333-8FDC-42A3-9474-1A3956D46DE8}") = "tests", "tests", "{19FE674A-AC94-4E7E-B24C-2285D1D04CDE}"
EndProject
Project("{9A19103F-16F7-4668-BE54-9A1E7A4F7556}") = "MessagePack.Tests", "tests\MessagePack.Tests\MessagePack.Tests.csproj", "{9E1A55CA-711D-4F58-A332-735960E3434C}"
EndProject
Project("{2150E333-8FDC-42A3-9474-1A3956D46DE8}") = "docs", "docs", "{344DC89D-8761-4552-A70A-B34DC19F39C4}"
	ProjectSection(SolutionItems) = preProject
		.gitignore = .gitignore
		LICENSE = LICENSE
		README.md = README.md
	EndProjectSection
EndProject
Project("{2150E333-8FDC-42A3-9474-1A3956D46DE8}") = "sandbox", "sandbox", "{BF4C4202-5015-4FBD-80E6-D0F36A06F700}"
EndProject
Project("{9A19103F-16F7-4668-BE54-9A1E7A4F7556}") = "Sandbox", "sandbox\Sandbox\Sandbox.csproj", "{ED43BDA5-947C-4769-A47A-F07D3C6142AE}"
EndProject
Project("{9A19103F-16F7-4668-BE54-9A1E7A4F7556}") = "DynamicCodeDumper", "sandbox\DynamicCodeDumper\DynamicCodeDumper.csproj", "{8E511130-F838-4B47-842B-0FB27AD175B5}"
EndProject
Project("{9A19103F-16F7-4668-BE54-9A1E7A4F7556}") = "SharedData", "sandbox\SharedData\SharedData.csproj", "{3ABC5C4C-2CE4-459E-8666-F2B181C3DEF3}"
EndProject
Project("{9A19103F-16F7-4668-BE54-9A1E7A4F7556}") = "MessagePack.UnityShims", "src\MessagePack.UnityShims\MessagePack.UnityShims.csproj", "{C01E1407-7FEC-4C1D-B0B4-74D95A317AA6}"
EndProject
Project("{9A19103F-16F7-4668-BE54-9A1E7A4F7556}") = "MessagePack.ReactiveProperty", "src\MessagePack.ReactiveProperty\MessagePack.ReactiveProperty.csproj", "{166A16C0-B89F-41AF-956A-235C6CA62C25}"
EndProject
Project("{9A19103F-16F7-4668-BE54-9A1E7A4F7556}") = "MessagePack.ImmutableCollection", "src\MessagePack.ImmutableCollection\MessagePack.ImmutableCollection.csproj", "{E066F547-7261-4561-AEFC-E64DBFD874F8}"
EndProject
Project("{9A19103F-16F7-4668-BE54-9A1E7A4F7556}") = "MessagePackAnalyzer", "src\MessagePackAnalyzer\MessagePackAnalyzer.csproj", "{2F9A6E0C-DE95-4460-96B7-EB72BBEAEE9E}"
EndProject
Project("{FAE04EC0-301F-11D3-BF4B-00C04F79EFBC}") = "MessagePackAnalyzer.Vsix", "src\MessagePackAnalyzer.Vsix\MessagePackAnalyzer.Vsix.csproj", "{09B87BEB-D9A3-4EEB-B56A-ED53D27DF1A3}"
EndProject
Project("{9A19103F-16F7-4668-BE54-9A1E7A4F7556}") = "PerfNetFramework", "sandbox\PerfNetFramework\PerfNetFramework.csproj", "{014A3DCE-50A6-4774-A4C1-C66EEAB67133}"
EndProject
Project("{9A19103F-16F7-4668-BE54-9A1E7A4F7556}") = "MessagePack.AspNetCoreMvcFormatter", "src\MessagePack.AspNetCoreMvcFormatter\MessagePack.AspNetCoreMvcFormatter.csproj", "{17831017-C29C-4A48-B159-849BCE5079FB}"
EndProject
Project("{9A19103F-16F7-4668-BE54-9A1E7A4F7556}") = "PerfBenchmarkDotNet", "sandbox\PerfBenchmarkDotNet\PerfBenchmarkDotNet.csproj", "{814F94D6-1413-4ACB-B1B5-A3488CAA1E6B}"
EndProject
Project("{9A19103F-16F7-4668-BE54-9A1E7A4F7556}") = "TestData2", "sandbox\TestData2\TestData2.csproj", "{2A32A538-BA26-4D89-85D0-E4249AFA0837}"
EndProject
Project("{2150E333-8FDC-42A3-9474-1A3956D46DE8}") = "build", "build", "{301F812B-8AEE-4DC2-8009-4510F02294AD}"
	ProjectSection(SolutionItems) = preProject
		azure-pipelines.yml = azure-pipelines.yml
		azure-pipelines\build.yml = azure-pipelines\build.yml
		Directory.Build.props = Directory.Build.props
		global.json = global.json
		nuget.config = nuget.config
		stylecop.json = stylecop.json
		version.json = version.json
	EndProjectSection
EndProject
Project("{9A19103F-16F7-4668-BE54-9A1E7A4F7556}") = "MessagePack.AspNetCoreMvcFormatter.Tests", "tests\MessagePack.AspNetCoreMvcFormatter.Tests\MessagePack.AspNetCoreMvcFormatter.Tests.csproj", "{79C2B2CB-872A-4BA9-82DC-60F6DD77F940}"
EndProject
Project("{9A19103F-16F7-4668-BE54-9A1E7A4F7556}") = "MessagePack.Annotations", "src\MessagePack.Annotations\MessagePack.Annotations.csproj", "{85763F30-7733-44AB-89AB-D1B64F6E0D93}"
EndProject
Project("{2150E333-8FDC-42A3-9474-1A3956D46DE8}") = "Solution Items", "Solution Items", "{5BAF9120-1293-449E-975C-A373E9DE7F69}"
	ProjectSection(SolutionItems) = preProject
		.gitignore = .gitignore
	EndProjectSection
EndProject
Project("{2150E333-8FDC-42A3-9474-1A3956D46DE8}") = "benchmark", "benchmark", "{51A614B0-E583-4DD2-AC7D-6A65634582E0}"
EndProject
Project("{9A19103F-16F7-4668-BE54-9A1E7A4F7556}") = "SerializerBenchmark", "benchmark\SerializerBenchmark\SerializerBenchmark.csproj", "{4142EA80-FEF4-44A5-8553-1AE84BEBAFED}"
EndProject
Project("{9A19103F-16F7-4668-BE54-9A1E7A4F7556}") = "MessagePack.Internal", "src\MessagePack.Internal\MessagePack.Internal.csproj", "{C100FBA6-4164-4D6A-A532-5984D2B8DCB0}"
EndProject
Project("{9A19103F-16F7-4668-BE54-9A1E7A4F7556}") = "MessagePack.Internal.Tests", "tests\MessagePack.Internal.Tests\MessagePack.Internal.Tests.csproj", "{8D9FD130-7905-47D8-A25C-7FDEE28EA0E8}"
EndProject
Project("{9A19103F-16F7-4668-BE54-9A1E7A4F7556}") = "MessagePack.GeneratorCore", "src\MessagePack.GeneratorCore\MessagePack.GeneratorCore.csproj", "{9962132D-A271-4E68-ACC1-18FA93462552}"
EndProject
Project("{9A19103F-16F7-4668-BE54-9A1E7A4F7556}") = "MessagePack.Generator", "src\MessagePack.Generator\MessagePack.Generator.csproj", "{32C91908-5CAD-4C95-B240-ACBBACAC9476}"
EndProject
Project("{9A19103F-16F7-4668-BE54-9A1E7A4F7556}") = "MessagePack.MSBuild.Tasks", "src\MessagePack.MSBuild.Tasks\MessagePack.MSBuild.Tasks.csproj", "{8DB135F5-A6FE-44E4-9853-7B48ED21F21B}"
EndProject
Global
	GlobalSection(SolutionConfigurationPlatforms) = preSolution
		Debug|Any CPU = Debug|Any CPU
		Debug|NoVSIX = Debug|NoVSIX
		Release|Any CPU = Release|Any CPU
		Release|NoVSIX = Release|NoVSIX
	EndGlobalSection
	GlobalSection(ProjectConfigurationPlatforms) = postSolution
		{7ABB33EE-A2F1-492B-8DAF-5DF89F0F0B79}.Debug|Any CPU.ActiveCfg = Debug|Any CPU
		{7ABB33EE-A2F1-492B-8DAF-5DF89F0F0B79}.Debug|Any CPU.Build.0 = Debug|Any CPU
		{7ABB33EE-A2F1-492B-8DAF-5DF89F0F0B79}.Debug|NoVSIX.ActiveCfg = Debug|Any CPU
		{7ABB33EE-A2F1-492B-8DAF-5DF89F0F0B79}.Debug|NoVSIX.Build.0 = Debug|Any CPU
		{7ABB33EE-A2F1-492B-8DAF-5DF89F0F0B79}.Release|Any CPU.ActiveCfg = Release|Any CPU
		{7ABB33EE-A2F1-492B-8DAF-5DF89F0F0B79}.Release|Any CPU.Build.0 = Release|Any CPU
		{7ABB33EE-A2F1-492B-8DAF-5DF89F0F0B79}.Release|NoVSIX.ActiveCfg = Release|Any CPU
		{7ABB33EE-A2F1-492B-8DAF-5DF89F0F0B79}.Release|NoVSIX.Build.0 = Release|Any CPU
		{9E1A55CA-711D-4F58-A332-735960E3434C}.Debug|Any CPU.ActiveCfg = Debug|Any CPU
		{9E1A55CA-711D-4F58-A332-735960E3434C}.Debug|Any CPU.Build.0 = Debug|Any CPU
		{9E1A55CA-711D-4F58-A332-735960E3434C}.Debug|NoVSIX.ActiveCfg = Debug|Any CPU
		{9E1A55CA-711D-4F58-A332-735960E3434C}.Debug|NoVSIX.Build.0 = Debug|Any CPU
		{9E1A55CA-711D-4F58-A332-735960E3434C}.Release|Any CPU.ActiveCfg = Release|Any CPU
		{9E1A55CA-711D-4F58-A332-735960E3434C}.Release|Any CPU.Build.0 = Release|Any CPU
		{9E1A55CA-711D-4F58-A332-735960E3434C}.Release|NoVSIX.ActiveCfg = Release|Any CPU
		{9E1A55CA-711D-4F58-A332-735960E3434C}.Release|NoVSIX.Build.0 = Release|Any CPU
		{ED43BDA5-947C-4769-A47A-F07D3C6142AE}.Debug|Any CPU.ActiveCfg = Debug|Any CPU
		{ED43BDA5-947C-4769-A47A-F07D3C6142AE}.Debug|Any CPU.Build.0 = Debug|Any CPU
		{ED43BDA5-947C-4769-A47A-F07D3C6142AE}.Debug|NoVSIX.ActiveCfg = Debug|Any CPU
		{ED43BDA5-947C-4769-A47A-F07D3C6142AE}.Debug|NoVSIX.Build.0 = Debug|Any CPU
		{ED43BDA5-947C-4769-A47A-F07D3C6142AE}.Release|Any CPU.ActiveCfg = Release|Any CPU
		{ED43BDA5-947C-4769-A47A-F07D3C6142AE}.Release|Any CPU.Build.0 = Release|Any CPU
		{ED43BDA5-947C-4769-A47A-F07D3C6142AE}.Release|NoVSIX.ActiveCfg = Release|Any CPU
		{ED43BDA5-947C-4769-A47A-F07D3C6142AE}.Release|NoVSIX.Build.0 = Release|Any CPU
		{8E511130-F838-4B47-842B-0FB27AD175B5}.Debug|Any CPU.ActiveCfg = Debug|Any CPU
		{8E511130-F838-4B47-842B-0FB27AD175B5}.Debug|Any CPU.Build.0 = Debug|Any CPU
		{8E511130-F838-4B47-842B-0FB27AD175B5}.Debug|NoVSIX.ActiveCfg = Debug|Any CPU
		{8E511130-F838-4B47-842B-0FB27AD175B5}.Debug|NoVSIX.Build.0 = Debug|Any CPU
		{8E511130-F838-4B47-842B-0FB27AD175B5}.Release|Any CPU.ActiveCfg = Release|Any CPU
		{8E511130-F838-4B47-842B-0FB27AD175B5}.Release|Any CPU.Build.0 = Release|Any CPU
		{8E511130-F838-4B47-842B-0FB27AD175B5}.Release|NoVSIX.ActiveCfg = Release|Any CPU
		{8E511130-F838-4B47-842B-0FB27AD175B5}.Release|NoVSIX.Build.0 = Release|Any CPU
		{3ABC5C4C-2CE4-459E-8666-F2B181C3DEF3}.Debug|Any CPU.ActiveCfg = Debug|Any CPU
		{3ABC5C4C-2CE4-459E-8666-F2B181C3DEF3}.Debug|Any CPU.Build.0 = Debug|Any CPU
		{3ABC5C4C-2CE4-459E-8666-F2B181C3DEF3}.Debug|NoVSIX.ActiveCfg = Debug|Any CPU
		{3ABC5C4C-2CE4-459E-8666-F2B181C3DEF3}.Debug|NoVSIX.Build.0 = Debug|Any CPU
		{3ABC5C4C-2CE4-459E-8666-F2B181C3DEF3}.Release|Any CPU.ActiveCfg = Release|Any CPU
		{3ABC5C4C-2CE4-459E-8666-F2B181C3DEF3}.Release|Any CPU.Build.0 = Release|Any CPU
		{3ABC5C4C-2CE4-459E-8666-F2B181C3DEF3}.Release|NoVSIX.ActiveCfg = Release|Any CPU
		{3ABC5C4C-2CE4-459E-8666-F2B181C3DEF3}.Release|NoVSIX.Build.0 = Release|Any CPU
		{C01E1407-7FEC-4C1D-B0B4-74D95A317AA6}.Debug|Any CPU.ActiveCfg = Debug|Any CPU
		{C01E1407-7FEC-4C1D-B0B4-74D95A317AA6}.Debug|Any CPU.Build.0 = Debug|Any CPU
		{C01E1407-7FEC-4C1D-B0B4-74D95A317AA6}.Debug|NoVSIX.ActiveCfg = Debug|Any CPU
		{C01E1407-7FEC-4C1D-B0B4-74D95A317AA6}.Debug|NoVSIX.Build.0 = Debug|Any CPU
		{C01E1407-7FEC-4C1D-B0B4-74D95A317AA6}.Release|Any CPU.ActiveCfg = Release|Any CPU
		{C01E1407-7FEC-4C1D-B0B4-74D95A317AA6}.Release|Any CPU.Build.0 = Release|Any CPU
		{C01E1407-7FEC-4C1D-B0B4-74D95A317AA6}.Release|NoVSIX.ActiveCfg = Release|Any CPU
		{C01E1407-7FEC-4C1D-B0B4-74D95A317AA6}.Release|NoVSIX.Build.0 = Release|Any CPU
		{166A16C0-B89F-41AF-956A-235C6CA62C25}.Debug|Any CPU.ActiveCfg = Debug|Any CPU
		{166A16C0-B89F-41AF-956A-235C6CA62C25}.Debug|Any CPU.Build.0 = Debug|Any CPU
		{166A16C0-B89F-41AF-956A-235C6CA62C25}.Debug|NoVSIX.ActiveCfg = Debug|Any CPU
		{166A16C0-B89F-41AF-956A-235C6CA62C25}.Debug|NoVSIX.Build.0 = Debug|Any CPU
		{166A16C0-B89F-41AF-956A-235C6CA62C25}.Release|Any CPU.ActiveCfg = Release|Any CPU
		{166A16C0-B89F-41AF-956A-235C6CA62C25}.Release|Any CPU.Build.0 = Release|Any CPU
		{166A16C0-B89F-41AF-956A-235C6CA62C25}.Release|NoVSIX.ActiveCfg = Release|Any CPU
		{166A16C0-B89F-41AF-956A-235C6CA62C25}.Release|NoVSIX.Build.0 = Release|Any CPU
		{E066F547-7261-4561-AEFC-E64DBFD874F8}.Debug|Any CPU.ActiveCfg = Debug|Any CPU
		{E066F547-7261-4561-AEFC-E64DBFD874F8}.Debug|Any CPU.Build.0 = Debug|Any CPU
		{E066F547-7261-4561-AEFC-E64DBFD874F8}.Debug|NoVSIX.ActiveCfg = Debug|Any CPU
		{E066F547-7261-4561-AEFC-E64DBFD874F8}.Debug|NoVSIX.Build.0 = Debug|Any CPU
		{E066F547-7261-4561-AEFC-E64DBFD874F8}.Release|Any CPU.ActiveCfg = Release|Any CPU
		{E066F547-7261-4561-AEFC-E64DBFD874F8}.Release|Any CPU.Build.0 = Release|Any CPU
		{E066F547-7261-4561-AEFC-E64DBFD874F8}.Release|NoVSIX.ActiveCfg = Release|Any CPU
		{E066F547-7261-4561-AEFC-E64DBFD874F8}.Release|NoVSIX.Build.0 = Release|Any CPU
		{2F9A6E0C-DE95-4460-96B7-EB72BBEAEE9E}.Debug|Any CPU.ActiveCfg = Debug|Any CPU
		{2F9A6E0C-DE95-4460-96B7-EB72BBEAEE9E}.Debug|Any CPU.Build.0 = Debug|Any CPU
		{2F9A6E0C-DE95-4460-96B7-EB72BBEAEE9E}.Debug|NoVSIX.ActiveCfg = Debug|Any CPU
		{2F9A6E0C-DE95-4460-96B7-EB72BBEAEE9E}.Debug|NoVSIX.Build.0 = Debug|Any CPU
		{2F9A6E0C-DE95-4460-96B7-EB72BBEAEE9E}.Release|Any CPU.ActiveCfg = Release|Any CPU
		{2F9A6E0C-DE95-4460-96B7-EB72BBEAEE9E}.Release|Any CPU.Build.0 = Release|Any CPU
		{2F9A6E0C-DE95-4460-96B7-EB72BBEAEE9E}.Release|NoVSIX.ActiveCfg = Release|Any CPU
		{2F9A6E0C-DE95-4460-96B7-EB72BBEAEE9E}.Release|NoVSIX.Build.0 = Release|Any CPU
		{09B87BEB-D9A3-4EEB-B56A-ED53D27DF1A3}.Debug|Any CPU.ActiveCfg = Debug|Any CPU
		{09B87BEB-D9A3-4EEB-B56A-ED53D27DF1A3}.Debug|Any CPU.Build.0 = Debug|Any CPU
		{09B87BEB-D9A3-4EEB-B56A-ED53D27DF1A3}.Debug|NoVSIX.ActiveCfg = Debug|Any CPU
		{09B87BEB-D9A3-4EEB-B56A-ED53D27DF1A3}.Release|Any CPU.ActiveCfg = Release|Any CPU
		{09B87BEB-D9A3-4EEB-B56A-ED53D27DF1A3}.Release|Any CPU.Build.0 = Release|Any CPU
		{09B87BEB-D9A3-4EEB-B56A-ED53D27DF1A3}.Release|NoVSIX.ActiveCfg = Release|Any CPU
		{014A3DCE-50A6-4774-A4C1-C66EEAB67133}.Debug|Any CPU.ActiveCfg = Debug|Any CPU
		{014A3DCE-50A6-4774-A4C1-C66EEAB67133}.Debug|Any CPU.Build.0 = Debug|Any CPU
		{014A3DCE-50A6-4774-A4C1-C66EEAB67133}.Debug|NoVSIX.ActiveCfg = Debug|Any CPU
		{014A3DCE-50A6-4774-A4C1-C66EEAB67133}.Debug|NoVSIX.Build.0 = Debug|Any CPU
		{014A3DCE-50A6-4774-A4C1-C66EEAB67133}.Release|Any CPU.ActiveCfg = Release|Any CPU
		{014A3DCE-50A6-4774-A4C1-C66EEAB67133}.Release|Any CPU.Build.0 = Release|Any CPU
		{014A3DCE-50A6-4774-A4C1-C66EEAB67133}.Release|NoVSIX.ActiveCfg = Release|Any CPU
		{014A3DCE-50A6-4774-A4C1-C66EEAB67133}.Release|NoVSIX.Build.0 = Release|Any CPU
		{17831017-C29C-4A48-B159-849BCE5079FB}.Debug|Any CPU.ActiveCfg = Debug|Any CPU
		{17831017-C29C-4A48-B159-849BCE5079FB}.Debug|Any CPU.Build.0 = Debug|Any CPU
		{17831017-C29C-4A48-B159-849BCE5079FB}.Debug|NoVSIX.ActiveCfg = Debug|Any CPU
		{17831017-C29C-4A48-B159-849BCE5079FB}.Debug|NoVSIX.Build.0 = Debug|Any CPU
		{17831017-C29C-4A48-B159-849BCE5079FB}.Release|Any CPU.ActiveCfg = Release|Any CPU
		{17831017-C29C-4A48-B159-849BCE5079FB}.Release|Any CPU.Build.0 = Release|Any CPU
		{17831017-C29C-4A48-B159-849BCE5079FB}.Release|NoVSIX.ActiveCfg = Release|Any CPU
		{17831017-C29C-4A48-B159-849BCE5079FB}.Release|NoVSIX.Build.0 = Release|Any CPU
		{814F94D6-1413-4ACB-B1B5-A3488CAA1E6B}.Debug|Any CPU.ActiveCfg = Debug|Any CPU
		{814F94D6-1413-4ACB-B1B5-A3488CAA1E6B}.Debug|Any CPU.Build.0 = Debug|Any CPU
		{814F94D6-1413-4ACB-B1B5-A3488CAA1E6B}.Debug|NoVSIX.ActiveCfg = Debug|Any CPU
		{814F94D6-1413-4ACB-B1B5-A3488CAA1E6B}.Debug|NoVSIX.Build.0 = Debug|Any CPU
		{814F94D6-1413-4ACB-B1B5-A3488CAA1E6B}.Release|Any CPU.ActiveCfg = Release|Any CPU
		{814F94D6-1413-4ACB-B1B5-A3488CAA1E6B}.Release|Any CPU.Build.0 = Release|Any CPU
		{814F94D6-1413-4ACB-B1B5-A3488CAA1E6B}.Release|NoVSIX.ActiveCfg = Release|Any CPU
		{814F94D6-1413-4ACB-B1B5-A3488CAA1E6B}.Release|NoVSIX.Build.0 = Release|Any CPU
		{2A32A538-BA26-4D89-85D0-E4249AFA0837}.Debug|Any CPU.ActiveCfg = Debug|Any CPU
		{2A32A538-BA26-4D89-85D0-E4249AFA0837}.Debug|Any CPU.Build.0 = Debug|Any CPU
		{2A32A538-BA26-4D89-85D0-E4249AFA0837}.Debug|NoVSIX.ActiveCfg = Debug|Any CPU
		{2A32A538-BA26-4D89-85D0-E4249AFA0837}.Debug|NoVSIX.Build.0 = Debug|Any CPU
		{2A32A538-BA26-4D89-85D0-E4249AFA0837}.Release|Any CPU.ActiveCfg = Release|Any CPU
		{2A32A538-BA26-4D89-85D0-E4249AFA0837}.Release|Any CPU.Build.0 = Release|Any CPU
		{2A32A538-BA26-4D89-85D0-E4249AFA0837}.Release|NoVSIX.ActiveCfg = Release|Any CPU
		{2A32A538-BA26-4D89-85D0-E4249AFA0837}.Release|NoVSIX.Build.0 = Release|Any CPU
		{79C2B2CB-872A-4BA9-82DC-60F6DD77F940}.Debug|Any CPU.ActiveCfg = Debug|Any CPU
		{79C2B2CB-872A-4BA9-82DC-60F6DD77F940}.Debug|Any CPU.Build.0 = Debug|Any CPU
		{79C2B2CB-872A-4BA9-82DC-60F6DD77F940}.Debug|NoVSIX.ActiveCfg = Debug|Any CPU
		{79C2B2CB-872A-4BA9-82DC-60F6DD77F940}.Debug|NoVSIX.Build.0 = Debug|Any CPU
		{79C2B2CB-872A-4BA9-82DC-60F6DD77F940}.Release|Any CPU.ActiveCfg = Release|Any CPU
		{79C2B2CB-872A-4BA9-82DC-60F6DD77F940}.Release|Any CPU.Build.0 = Release|Any CPU
		{79C2B2CB-872A-4BA9-82DC-60F6DD77F940}.Release|NoVSIX.ActiveCfg = Release|Any CPU
		{79C2B2CB-872A-4BA9-82DC-60F6DD77F940}.Release|NoVSIX.Build.0 = Release|Any CPU
		{85763F30-7733-44AB-89AB-D1B64F6E0D93}.Debug|Any CPU.ActiveCfg = Debug|Any CPU
		{85763F30-7733-44AB-89AB-D1B64F6E0D93}.Debug|Any CPU.Build.0 = Debug|Any CPU
		{85763F30-7733-44AB-89AB-D1B64F6E0D93}.Debug|NoVSIX.ActiveCfg = Debug|Any CPU
		{85763F30-7733-44AB-89AB-D1B64F6E0D93}.Debug|NoVSIX.Build.0 = Debug|Any CPU
		{85763F30-7733-44AB-89AB-D1B64F6E0D93}.Release|Any CPU.ActiveCfg = Release|Any CPU
		{85763F30-7733-44AB-89AB-D1B64F6E0D93}.Release|Any CPU.Build.0 = Release|Any CPU
		{85763F30-7733-44AB-89AB-D1B64F6E0D93}.Release|NoVSIX.ActiveCfg = Release|Any CPU
		{85763F30-7733-44AB-89AB-D1B64F6E0D93}.Release|NoVSIX.Build.0 = Release|Any CPU
		{4142EA80-FEF4-44A5-8553-1AE84BEBAFED}.Debug|Any CPU.ActiveCfg = Debug|Any CPU
		{4142EA80-FEF4-44A5-8553-1AE84BEBAFED}.Debug|Any CPU.Build.0 = Debug|Any CPU
		{4142EA80-FEF4-44A5-8553-1AE84BEBAFED}.Debug|NoVSIX.ActiveCfg = Debug|Any CPU
		{4142EA80-FEF4-44A5-8553-1AE84BEBAFED}.Debug|NoVSIX.Build.0 = Debug|Any CPU
		{4142EA80-FEF4-44A5-8553-1AE84BEBAFED}.Release|Any CPU.ActiveCfg = Release|Any CPU
		{4142EA80-FEF4-44A5-8553-1AE84BEBAFED}.Release|Any CPU.Build.0 = Release|Any CPU
		{4142EA80-FEF4-44A5-8553-1AE84BEBAFED}.Release|NoVSIX.ActiveCfg = Release|Any CPU
		{4142EA80-FEF4-44A5-8553-1AE84BEBAFED}.Release|NoVSIX.Build.0 = Release|Any CPU
		{C100FBA6-4164-4D6A-A532-5984D2B8DCB0}.Debug|Any CPU.ActiveCfg = Debug|Any CPU
		{C100FBA6-4164-4D6A-A532-5984D2B8DCB0}.Debug|Any CPU.Build.0 = Debug|Any CPU
		{C100FBA6-4164-4D6A-A532-5984D2B8DCB0}.Debug|NoVSIX.ActiveCfg = Debug|Any CPU
		{C100FBA6-4164-4D6A-A532-5984D2B8DCB0}.Debug|NoVSIX.Build.0 = Debug|Any CPU
		{C100FBA6-4164-4D6A-A532-5984D2B8DCB0}.Release|Any CPU.ActiveCfg = Release|Any CPU
		{C100FBA6-4164-4D6A-A532-5984D2B8DCB0}.Release|Any CPU.Build.0 = Release|Any CPU
		{C100FBA6-4164-4D6A-A532-5984D2B8DCB0}.Release|NoVSIX.ActiveCfg = Release|Any CPU
		{C100FBA6-4164-4D6A-A532-5984D2B8DCB0}.Release|NoVSIX.Build.0 = Release|Any CPU
		{8D9FD130-7905-47D8-A25C-7FDEE28EA0E8}.Debug|Any CPU.ActiveCfg = Debug|Any CPU
		{8D9FD130-7905-47D8-A25C-7FDEE28EA0E8}.Debug|Any CPU.Build.0 = Debug|Any CPU
		{8D9FD130-7905-47D8-A25C-7FDEE28EA0E8}.Debug|NoVSIX.ActiveCfg = Debug|Any CPU
		{8D9FD130-7905-47D8-A25C-7FDEE28EA0E8}.Debug|NoVSIX.Build.0 = Debug|Any CPU
		{8D9FD130-7905-47D8-A25C-7FDEE28EA0E8}.Release|Any CPU.ActiveCfg = Release|Any CPU
		{8D9FD130-7905-47D8-A25C-7FDEE28EA0E8}.Release|Any CPU.Build.0 = Release|Any CPU
		{8D9FD130-7905-47D8-A25C-7FDEE28EA0E8}.Release|NoVSIX.ActiveCfg = Release|Any CPU
		{8D9FD130-7905-47D8-A25C-7FDEE28EA0E8}.Release|NoVSIX.Build.0 = Release|Any CPU
		{9962132D-A271-4E68-ACC1-18FA93462552}.Debug|Any CPU.ActiveCfg = Debug|Any CPU
		{9962132D-A271-4E68-ACC1-18FA93462552}.Debug|Any CPU.Build.0 = Debug|Any CPU
		{9962132D-A271-4E68-ACC1-18FA93462552}.Debug|NoVSIX.ActiveCfg = Debug|Any CPU
		{9962132D-A271-4E68-ACC1-18FA93462552}.Debug|NoVSIX.Build.0 = Debug|Any CPU
		{9962132D-A271-4E68-ACC1-18FA93462552}.Release|Any CPU.ActiveCfg = Release|Any CPU
		{9962132D-A271-4E68-ACC1-18FA93462552}.Release|Any CPU.Build.0 = Release|Any CPU
		{9962132D-A271-4E68-ACC1-18FA93462552}.Release|NoVSIX.ActiveCfg = Release|Any CPU
		{9962132D-A271-4E68-ACC1-18FA93462552}.Release|NoVSIX.Build.0 = Release|Any CPU
		{32C91908-5CAD-4C95-B240-ACBBACAC9476}.Debug|Any CPU.ActiveCfg = Debug|Any CPU
		{32C91908-5CAD-4C95-B240-ACBBACAC9476}.Debug|Any CPU.Build.0 = Debug|Any CPU
		{32C91908-5CAD-4C95-B240-ACBBACAC9476}.Debug|NoVSIX.ActiveCfg = Debug|Any CPU
		{32C91908-5CAD-4C95-B240-ACBBACAC9476}.Debug|NoVSIX.Build.0 = Debug|Any CPU
		{32C91908-5CAD-4C95-B240-ACBBACAC9476}.Release|Any CPU.ActiveCfg = Release|Any CPU
		{32C91908-5CAD-4C95-B240-ACBBACAC9476}.Release|Any CPU.Build.0 = Release|Any CPU
		{32C91908-5CAD-4C95-B240-ACBBACAC9476}.Release|NoVSIX.ActiveCfg = Release|Any CPU
		{32C91908-5CAD-4C95-B240-ACBBACAC9476}.Release|NoVSIX.Build.0 = Release|Any CPU
		{8DB135F5-A6FE-44E4-9853-7B48ED21F21B}.Debug|Any CPU.ActiveCfg = Debug|Any CPU
		{8DB135F5-A6FE-44E4-9853-7B48ED21F21B}.Debug|Any CPU.Build.0 = Debug|Any CPU
		{8DB135F5-A6FE-44E4-9853-7B48ED21F21B}.Debug|NoVSIX.ActiveCfg = Debug|Any CPU
		{8DB135F5-A6FE-44E4-9853-7B48ED21F21B}.Debug|NoVSIX.Build.0 = Debug|Any CPU
		{8DB135F5-A6FE-44E4-9853-7B48ED21F21B}.Release|Any CPU.ActiveCfg = Release|Any CPU
		{8DB135F5-A6FE-44E4-9853-7B48ED21F21B}.Release|Any CPU.Build.0 = Release|Any CPU
		{8DB135F5-A6FE-44E4-9853-7B48ED21F21B}.Release|NoVSIX.ActiveCfg = Release|Any CPU
		{8DB135F5-A6FE-44E4-9853-7B48ED21F21B}.Release|NoVSIX.Build.0 = Release|Any CPU
	EndGlobalSection
	GlobalSection(SolutionProperties) = preSolution
		HideSolutionNode = FALSE
	EndGlobalSection
	GlobalSection(NestedProjects) = preSolution
		{7ABB33EE-A2F1-492B-8DAF-5DF89F0F0B79} = {86309CF6-0054-4CE3-BFD3-CA0AA7DB17BC}
		{9E1A55CA-711D-4F58-A332-735960E3434C} = {19FE674A-AC94-4E7E-B24C-2285D1D04CDE}
		{ED43BDA5-947C-4769-A47A-F07D3C6142AE} = {BF4C4202-5015-4FBD-80E6-D0F36A06F700}
		{8E511130-F838-4B47-842B-0FB27AD175B5} = {BF4C4202-5015-4FBD-80E6-D0F36A06F700}
		{3ABC5C4C-2CE4-459E-8666-F2B181C3DEF3} = {BF4C4202-5015-4FBD-80E6-D0F36A06F700}
		{C01E1407-7FEC-4C1D-B0B4-74D95A317AA6} = {86309CF6-0054-4CE3-BFD3-CA0AA7DB17BC}
		{166A16C0-B89F-41AF-956A-235C6CA62C25} = {86309CF6-0054-4CE3-BFD3-CA0AA7DB17BC}
		{E066F547-7261-4561-AEFC-E64DBFD874F8} = {86309CF6-0054-4CE3-BFD3-CA0AA7DB17BC}
		{2F9A6E0C-DE95-4460-96B7-EB72BBEAEE9E} = {86309CF6-0054-4CE3-BFD3-CA0AA7DB17BC}
		{09B87BEB-D9A3-4EEB-B56A-ED53D27DF1A3} = {86309CF6-0054-4CE3-BFD3-CA0AA7DB17BC}
		{014A3DCE-50A6-4774-A4C1-C66EEAB67133} = {BF4C4202-5015-4FBD-80E6-D0F36A06F700}
		{17831017-C29C-4A48-B159-849BCE5079FB} = {86309CF6-0054-4CE3-BFD3-CA0AA7DB17BC}
		{814F94D6-1413-4ACB-B1B5-A3488CAA1E6B} = {BF4C4202-5015-4FBD-80E6-D0F36A06F700}
		{2A32A538-BA26-4D89-85D0-E4249AFA0837} = {BF4C4202-5015-4FBD-80E6-D0F36A06F700}
		{10AD85DD-929D-49B8-BD43-45242C2644B7} = {86309CF6-0054-4CE3-BFD3-CA0AA7DB17BC}
		{79C2B2CB-872A-4BA9-82DC-60F6DD77F940} = {19FE674A-AC94-4E7E-B24C-2285D1D04CDE}
		{85763F30-7733-44AB-89AB-D1B64F6E0D93} = {86309CF6-0054-4CE3-BFD3-CA0AA7DB17BC}
		{4142EA80-FEF4-44A5-8553-1AE84BEBAFED} = {51A614B0-E583-4DD2-AC7D-6A65634582E0}
		{C100FBA6-4164-4D6A-A532-5984D2B8DCB0} = {86309CF6-0054-4CE3-BFD3-CA0AA7DB17BC}
		{8D9FD130-7905-47D8-A25C-7FDEE28EA0E8} = {19FE674A-AC94-4E7E-B24C-2285D1D04CDE}
		{9962132D-A271-4E68-ACC1-18FA93462552} = {86309CF6-0054-4CE3-BFD3-CA0AA7DB17BC}
		{32C91908-5CAD-4C95-B240-ACBBACAC9476} = {86309CF6-0054-4CE3-BFD3-CA0AA7DB17BC}
		{8DB135F5-A6FE-44E4-9853-7B48ED21F21B} = {86309CF6-0054-4CE3-BFD3-CA0AA7DB17BC}
	EndGlobalSection
	GlobalSection(ExtensibilityGlobals) = postSolution
		SolutionGuid = {B3911209-2DBF-47F8-98F6-BBC0EDFE63DE}
	EndGlobalSection
EndGlobal
